dependencies:
  esp-idf-cxx:
    component_hash: 305601dc14d5bfae1f5eb25d8fab3e24d353e4dbb82fb6812b19f5513049f176
    source:
      git: https://github.com/espressif/esp-idf-cxx.git
      path: .
      type: git
    version: 9b2d1803826c6cf3b95333245283ceddf9a9169f
  idf:
    component_hash: null
    source:
      type: idf
    version: 5.0.0
manifest_hash: 0c104c4c12ad36ecdafb3d97953a7738de72438756f75f17931f2a188c03a77e
target: esp32
version: 1.0.0
